
Microsoft Visual Studio Solution File, Format Version 12.00
# Visual Studio Version 17
VisualStudioVersion = 17.0.31912.275
MinimumVisualStudioVersion = 10.0.40219.1
Project("{9A19103F-16F7-4668-BE54-9A1E7A4F7556}") = "BookStore", "BookStore.csproj", "{98CB9531-7455-4E4C-A179-EB71B1E0A550}"
EndProject
Global
	GlobalSection(SolutionConfigurationPlatforms) = preSolution
		Debug|Any CPU = Debug|Any CPU
		Release|Any CPU = Release|Any CPU
	EndGlobalSection
	GlobalSection(ProjectConfigurationPlatforms) = postSolution
		{98CB9531-7455-4E4C-A179-EB71B1E0A550}.Debug|Any CPU.ActiveCfg = Debug|Any CPU
		{98CB9531-7455-4E4C-A179-EB71B1E0A550}.Debug|Any CPU.Build.0 = Debug|Any CPU
		{98CB9531-7455-4E4C-A179-EB71B1E0A550}.Release|Any CPU.ActiveCfg = Release|Any CPU
		{98CB9531-7455-4E4C-A179-EB71B1E0A550}.Release|Any CPU.Build.0 = Release|Any CPU
	EndGlobalSection
	GlobalSection(SolutionProperties) = preSolution
		HideSolutionNode = FALSE
	EndGlobalSection
	GlobalSection(ExtensibilityGlobals) = postSolution
		SolutionGuid = {1CDCB1ED-F46F-4119-9D25-300DEE18D3F5}
	EndGlobalSection
EndGlobal
